{
  "nodes": {
    "nixpkgs": {
      "locked": {
        "lastModified": 1739128921,
        "narHash": "sha256-uoZda0dIBD4Chh1trr8oqfuozzeTbUp3GKyPKrLcjLQ=",
        "owner": "nixos",
        "repo": "nixpkgs",
        "rev": "41b9d91a495f4714a7b54c7bc838b951f09203a8",
        "type": "github"
      },
      "original": {
        "owner": "nixos",
        "repo": "nixpkgs",
        "type": "github"
      }
    },
    "root": {
      "inputs": {
        "nixpkgs": "nixpkgs"
      }
    }
  },
  "root": "root",
  "version": 7
}
